Microsoft Visual Studio Solution File, Format Version 12.00
# Visual Studio Version 17
VisualStudioVersion = 17.5.2.0
MinimumVisualStudioVersion = 10.0.40219.1
Project("{FAE04EC0-301F-11D3-BF4B-00C04F79EFBC}") = "Project08_Debugging", "Project08_Debugging.csproj", "{4C3C9131-1F77-CED6-1F66-EE3945826110}"
EndProject
Global
	GlobalSection(SolutionConfigurationPlatforms) = preSolution
		Debug|Any CPU = Debug|Any CPU
		Release|Any CPU = Release|Any CPU
	EndGlobalSection
	GlobalSection(ProjectConfigurationPlatforms) = postSolution
		{4C3C9131-1F77-CED6-1F66-EE3945826110}.Debug|Any CPU.ActiveCfg = Debug|Any CPU
		{4C3C9131-1F77-CED6-1F66-EE3945826110}.Debug|Any CPU.Build.0 = Debug|Any CPU
		{4C3C9131-1F77-CED6-1F66-EE3945826110}.Release|Any CPU.ActiveCfg = Release|Any CPU
		{4C3C9131-1F77-CED6-1F66-EE3945826110}.Release|Any CPU.Build.0 = Release|Any CPU
	EndGlobalSection
	GlobalSection(SolutionProperties) = preSolution
		HideSolutionNode = FALSE
	EndGlobalSection
	GlobalSection(ExtensibilityGlobals) = postSolution
		SolutionGuid = {F4A50B2A-E0FB-43CC-AD81-74FD38CAA715}
	EndGlobalSection
EndGlobal
