Microsoft Visual Studio Solution File, Format Version 12.00
# Visual Studio Version 17
VisualStudioVersion = 17.5.2.0
MinimumVisualStudioVersion = 10.0.40219.1
Project("{FAE04EC0-301F-11D3-BF4B-00C04F79EFBC}") = "Project23_EFCore_Basics", "Project23_EFCore_Basics.csproj", "{9860B924-6B03-3BB8-A714-271744FB4BDE}"
EndProject
Global
	GlobalSection(SolutionConfigurationPlatforms) = preSolution
		Debug|Any CPU = Debug|Any CPU
		Release|Any CPU = Release|Any CPU
	EndGlobalSection
	GlobalSection(ProjectConfigurationPlatforms) = postSolution
		{9860B924-6B03-3BB8-A714-271744FB4BDE}.Debug|Any CPU.ActiveCfg = Debug|Any CPU
		{9860B924-6B03-3BB8-A714-271744FB4BDE}.Debug|Any CPU.Build.0 = Debug|Any CPU
		{9860B924-6B03-3BB8-A714-271744FB4BDE}.Release|Any CPU.ActiveCfg = Release|Any CPU
		{9860B924-6B03-3BB8-A714-271744FB4BDE}.Release|Any CPU.Build.0 = Release|Any CPU
	EndGlobalSection
	GlobalSection(SolutionProperties) = preSolution
		HideSolutionNode = FALSE
	EndGlobalSection
	GlobalSection(ExtensibilityGlobals) = postSolution
		SolutionGuid = {2133DE47-BB3B-442E-A1FC-68997FA2981F}
	EndGlobalSection
EndGlobal
