Microsoft Visual Studio Solution File, Format Version 12.00
# Visual Studio Version 17
VisualStudioVersion = 17.5.2.0
MinimumVisualStudioVersion = 10.0.40219.1
Project("{FAE04EC0-301F-11D3-BF4B-00C04F79EFBC}") = "Project20_LINQ_Basics", "Project20_LINQ_Basics.csproj", "{AF9E23F4-5ABA-7ED8-FA05-FAC9F53BB5A9}"
EndProject
Global
	GlobalSection(SolutionConfigurationPlatforms) = preSolution
		Debug|Any CPU = Debug|Any CPU
		Release|Any CPU = Release|Any CPU
	EndGlobalSection
	GlobalSection(ProjectConfigurationPlatforms) = postSolution
		{AF9E23F4-5ABA-7ED8-FA05-FAC9F53BB5A9}.Debug|Any CPU.ActiveCfg = Debug|Any CPU
		{AF9E23F4-5ABA-7ED8-FA05-FAC9F53BB5A9}.Debug|Any CPU.Build.0 = Debug|Any CPU
		{AF9E23F4-5ABA-7ED8-FA05-FAC9F53BB5A9}.Release|Any CPU.ActiveCfg = Release|Any CPU
		{AF9E23F4-5ABA-7ED8-FA05-FAC9F53BB5A9}.Release|Any CPU.Build.0 = Release|Any CPU
	EndGlobalSection
	GlobalSection(SolutionProperties) = preSolution
		HideSolutionNode = FALSE
	EndGlobalSection
	GlobalSection(ExtensibilityGlobals) = postSolution
		SolutionGuid = {7A491F0F-7757-4F08-B635-11C616B80B73}
	EndGlobalSection
EndGlobal
