Microsoft Visual Studio Solution File, Format Version 12.00
# Visual Studio Version 17
VisualStudioVersion = 17.5.2.0
MinimumVisualStudioVersion = 10.0.40219.1
Project("{FAE04EC0-301F-11D3-BF4B-00C04F79EFBC}") = "Project05_Loops", "Project05_Loops.csproj", "{8E02CDF4-B7D2-0972-EFBE-49E7B1067612}"
EndProject
Global
	GlobalSection(SolutionConfigurationPlatforms) = preSolution
		Debug|Any CPU = Debug|Any CPU
		Release|Any CPU = Release|Any CPU
	EndGlobalSection
	GlobalSection(ProjectConfigurationPlatforms) = postSolution
		{8E02CDF4-B7D2-0972-EFBE-49E7B1067612}.Debug|Any CPU.ActiveCfg = Debug|Any CPU
		{8E02CDF4-B7D2-0972-EFBE-49E7B1067612}.Debug|Any CPU.Build.0 = Debug|Any CPU
		{8E02CDF4-B7D2-0972-EFBE-49E7B1067612}.Release|Any CPU.ActiveCfg = Release|Any CPU
		{8E02CDF4-B7D2-0972-EFBE-49E7B1067612}.Release|Any CPU.Build.0 = Release|Any CPU
	EndGlobalSection
	GlobalSection(SolutionProperties) = preSolution
		HideSolutionNode = FALSE
	EndGlobalSection
	GlobalSection(ExtensibilityGlobals) = postSolution
		SolutionGuid = {46BE0B7A-4E76-4B30-9835-3F9F69E9EA7B}
	EndGlobalSection
EndGlobal
