Microsoft Visual Studio Solution File, Format Version 12.00
# Visual Studio Version 17
VisualStudioVersion = 17.5.2.0
MinimumVisualStudioVersion = 10.0.40219.1
Project("{FAE04EC0-301F-11D3-BF4B-00C04F79EFBC}") = "Project18_Interface", "Project18_Interface.csproj", "{AD94F932-18C9-A22D-5134-E7688C0D2765}"
EndProject
Global
	GlobalSection(SolutionConfigurationPlatforms) = preSolution
		Debug|Any CPU = Debug|Any CPU
		Release|Any CPU = Release|Any CPU
	EndGlobalSection
	GlobalSection(ProjectConfigurationPlatforms) = postSolution
		{AD94F932-18C9-A22D-5134-E7688C0D2765}.Debug|Any CPU.ActiveCfg = Debug|Any CPU
		{AD94F932-18C9-A22D-5134-E7688C0D2765}.Debug|Any CPU.Build.0 = Debug|Any CPU
		{AD94F932-18C9-A22D-5134-E7688C0D2765}.Release|Any CPU.ActiveCfg = Release|Any CPU
		{AD94F932-18C9-A22D-5134-E7688C0D2765}.Release|Any CPU.Build.0 = Release|Any CPU
	EndGlobalSection
	GlobalSection(SolutionProperties) = preSolution
		HideSolutionNode = FALSE
	EndGlobalSection
	GlobalSection(ExtensibilityGlobals) = postSolution
		SolutionGuid = {7018088A-AC8D-4403-AD9B-AE73B5D05DB0}
	EndGlobalSection
EndGlobal
