Microsoft Visual Studio Solution File, Format Version 12.00
# Visual Studio Version 17
VisualStudioVersion = 17.5.2.0
MinimumVisualStudioVersion = 10.0.40219.1
Project("{FAE04EC0-301F-11D3-BF4B-00C04F79EFBC}") = "Project28_Architecture_BestPractices", "Project28_Architecture_BestPractices.csproj", "{4D67C4C1-A612-0615-FED4-772FE6CB9BBE}"
EndProject
Global
	GlobalSection(SolutionConfigurationPlatforms) = preSolution
		Debug|Any CPU = Debug|Any CPU
		Release|Any CPU = Release|Any CPU
	EndGlobalSection
	GlobalSection(ProjectConfigurationPlatforms) = postSolution
		{4D67C4C1-A612-0615-FED4-772FE6CB9BBE}.Debug|Any CPU.ActiveCfg = Debug|Any CPU
		{4D67C4C1-A612-0615-FED4-772FE6CB9BBE}.Debug|Any CPU.Build.0 = Debug|Any CPU
		{4D67C4C1-A612-0615-FED4-772FE6CB9BBE}.Release|Any CPU.ActiveCfg = Release|Any CPU
		{4D67C4C1-A612-0615-FED4-772FE6CB9BBE}.Release|Any CPU.Build.0 = Release|Any CPU
	EndGlobalSection
	GlobalSection(SolutionProperties) = preSolution
		HideSolutionNode = FALSE
	EndGlobalSection
	GlobalSection(ExtensibilityGlobals) = postSolution
		SolutionGuid = {4B0C502F-32A5-4C7E-95F6-ACE153AC0CFA}
	EndGlobalSection
EndGlobal
