Microsoft Visual Studio Solution File, Format Version 12.00
# Visual Studio Version 17
VisualStudioVersion = 17.5.2.0
MinimumVisualStudioVersion = 10.0.40219.1
Project("{FAE04EC0-301F-11D3-BF4B-00C04F79EFBC}") = "Project16_Polymorphism", "Project16_Polymorphism.csproj", "{AE422C3E-D99B-BFF9-AA23-8ECF175814EC}"
EndProject
Global
	GlobalSection(SolutionConfigurationPlatforms) = preSolution
		Debug|Any CPU = Debug|Any CPU
		Release|Any CPU = Release|Any CPU
	EndGlobalSection
	GlobalSection(ProjectConfigurationPlatforms) = postSolution
		{AE422C3E-D99B-BFF9-AA23-8ECF175814EC}.Debug|Any CPU.ActiveCfg = Debug|Any CPU
		{AE422C3E-D99B-BFF9-AA23-8ECF175814EC}.Debug|Any CPU.Build.0 = Debug|Any CPU
		{AE422C3E-D99B-BFF9-AA23-8ECF175814EC}.Release|Any CPU.ActiveCfg = Release|Any CPU
		{AE422C3E-D99B-BFF9-AA23-8ECF175814EC}.Release|Any CPU.Build.0 = Release|Any CPU
	EndGlobalSection
	GlobalSection(SolutionProperties) = preSolution
		HideSolutionNode = FALSE
	EndGlobalSection
	GlobalSection(ExtensibilityGlobals) = postSolution
		SolutionGuid = {6B8FD95A-1F73-42F1-BC98-0D5C76DB6957}
	EndGlobalSection
EndGlobal
