Microsoft Visual Studio Solution File, Format Version 12.00
# Visual Studio Version 17
VisualStudioVersion = 17.5.2.0
MinimumVisualStudioVersion = 10.0.40219.1
Project("{FAE04EC0-301F-11D3-BF4B-00C04F79EFBC}") = "Project30_AspNetCore_Basics", "Project30_AspNetCore_Basics.csproj", "{E2D2B12D-1FE3-76D3-9E7E-DBACAD9FE325}"
EndProject
Global
	GlobalSection(SolutionConfigurationPlatforms) = preSolution
		Debug|Any CPU = Debug|Any CPU
		Release|Any CPU = Release|Any CPU
	EndGlobalSection
	GlobalSection(ProjectConfigurationPlatforms) = postSolution
		{E2D2B12D-1FE3-76D3-9E7E-DBACAD9FE325}.Debug|Any CPU.ActiveCfg = Debug|Any CPU
		{E2D2B12D-1FE3-76D3-9E7E-DBACAD9FE325}.Debug|Any CPU.Build.0 = Debug|Any CPU
		{E2D2B12D-1FE3-76D3-9E7E-DBACAD9FE325}.Release|Any CPU.ActiveCfg = Release|Any CPU
		{E2D2B12D-1FE3-76D3-9E7E-DBACAD9FE325}.Release|Any CPU.Build.0 = Release|Any CPU
	EndGlobalSection
	GlobalSection(SolutionProperties) = preSolution
		HideSolutionNode = FALSE
	EndGlobalSection
	GlobalSection(ExtensibilityGlobals) = postSolution
		SolutionGuid = {E1E6E6DF-6CCC-4FA5-821B-9EF48BABD95B}
	EndGlobalSection
EndGlobal
