Microsoft Visual Studio Solution File, Format Version 12.00
# Visual Studio Version 17
VisualStudioVersion = 17.5.2.0
MinimumVisualStudioVersion = 10.0.40219.1
Project("{FAE04EC0-301F-11D3-BF4B-00C04F79EFBC}") = "Project04_Conditions", "Project04_Conditions.csproj", "{3708E349-BCEA-EEBA-AC11-4AF018B95371}"
EndProject
Global
	GlobalSection(SolutionConfigurationPlatforms) = preSolution
		Debug|Any CPU = Debug|Any CPU
		Release|Any CPU = Release|Any CPU
	EndGlobalSection
	GlobalSection(ProjectConfigurationPlatforms) = postSolution
		{3708E349-BCEA-EEBA-AC11-4AF018B95371}.Debug|Any CPU.ActiveCfg = Debug|Any CPU
		{3708E349-BCEA-EEBA-AC11-4AF018B95371}.Debug|Any CPU.Build.0 = Debug|Any CPU
		{3708E349-BCEA-EEBA-AC11-4AF018B95371}.Release|Any CPU.ActiveCfg = Release|Any CPU
		{3708E349-BCEA-EEBA-AC11-4AF018B95371}.Release|Any CPU.Build.0 = Release|Any CPU
	EndGlobalSection
	GlobalSection(SolutionProperties) = preSolution
		HideSolutionNode = FALSE
	EndGlobalSection
	GlobalSection(ExtensibilityGlobals) = postSolution
		SolutionGuid = {EF0083FB-02AD-4E88-A5B9-ACF02BF23E19}
	EndGlobalSection
EndGlobal
