Microsoft Visual Studio Solution File, Format Version 12.00
# Visual Studio Version 17
VisualStudioVersion = 17.5.2.0
MinimumVisualStudioVersion = 10.0.40219.1
Project("{FAE04EC0-301F-11D3-BF4B-00C04F79EFBC}") = "Project17_Abstraction", "Project17_Abstraction.csproj", "{285A92B5-EC76-876C-0E3D-44A0B585508B}"
EndProject
Global
	GlobalSection(SolutionConfigurationPlatforms) = preSolution
		Debug|Any CPU = Debug|Any CPU
		Release|Any CPU = Release|Any CPU
	EndGlobalSection
	GlobalSection(ProjectConfigurationPlatforms) = postSolution
		{285A92B5-EC76-876C-0E3D-44A0B585508B}.Debug|Any CPU.ActiveCfg = Debug|Any CPU
		{285A92B5-EC76-876C-0E3D-44A0B585508B}.Debug|Any CPU.Build.0 = Debug|Any CPU
		{285A92B5-EC76-876C-0E3D-44A0B585508B}.Release|Any CPU.ActiveCfg = Release|Any CPU
		{285A92B5-EC76-876C-0E3D-44A0B585508B}.Release|Any CPU.Build.0 = Release|Any CPU
	EndGlobalSection
	GlobalSection(SolutionProperties) = preSolution
		HideSolutionNode = FALSE
	EndGlobalSection
	GlobalSection(ExtensibilityGlobals) = postSolution
		SolutionGuid = {CA33F172-3B58-44FA-AD62-7D49FA638E5C}
	EndGlobalSection
EndGlobal
