Microsoft Visual Studio Solution File, Format Version 12.00
# Visual Studio Version 17
VisualStudioVersion = 17.5.2.0
MinimumVisualStudioVersion = 10.0.40219.1
Project("{FAE04EC0-301F-11D3-BF4B-00C04F79EFBC}") = "Project03_Operators", "Project03_Operators.csproj", "{7796480F-4DBE-6E17-BC2A-E16C701D6450}"
EndProject
Global
	GlobalSection(SolutionConfigurationPlatforms) = preSolution
		Debug|Any CPU = Debug|Any CPU
		Release|Any CPU = Release|Any CPU
	EndGlobalSection
	GlobalSection(ProjectConfigurationPlatforms) = postSolution
		{7796480F-4DBE-6E17-BC2A-E16C701D6450}.Debug|Any CPU.ActiveCfg = Debug|Any CPU
		{7796480F-4DBE-6E17-BC2A-E16C701D6450}.Debug|Any CPU.Build.0 = Debug|Any CPU
		{7796480F-4DBE-6E17-BC2A-E16C701D6450}.Release|Any CPU.ActiveCfg = Release|Any CPU
		{7796480F-4DBE-6E17-BC2A-E16C701D6450}.Release|Any CPU.Build.0 = Release|Any CPU
	EndGlobalSection
	GlobalSection(SolutionProperties) = preSolution
		HideSolutionNode = FALSE
	EndGlobalSection
	GlobalSection(ExtensibilityGlobals) = postSolution
		SolutionGuid = {1015F2D4-1F7F-46DB-999C-0E7C00EC41AE}
	EndGlobalSection
EndGlobal
